
Microsoft Visual Studio Solution File, Format Version 12.00
# Visual Studio Version 17
VisualStudioVersion = 17.3.32901.215
MinimumVisualStudioVersion = 10.0.40219.1
Project("{FAE04EC0-301F-11D3-BF4B-00C04F79EFBC}") = "BankApplicationApi", "BankApplicationApi\BankApplicationApi.csproj", "{471AE69C-E8A6-4222-B4D9-7963ADCA6A75}"
EndProject
Project("{FAE04EC0-301F-11D3-BF4B-00C04F79EFBC}") = "Domain", "Domain\Domain.csproj", "{E698AC5F-70E9-4FC8-A42D-5BF5BFEA7A41}"
EndProject
Global
	GlobalSection(SolutionConfigurationPlatforms) = preSolution
		Debug|Any CPU = Debug|Any CPU
		Release|Any CPU = Release|Any CPU
	EndGlobalSection
	GlobalSection(ProjectConfigurationPlatforms) = postSolution
		{471AE69C-E8A6-4222-B4D9-7963ADCA6A75}.Debug|Any CPU.ActiveCfg = Debug|Any CPU
		{471AE69C-E8A6-4222-B4D9-7963ADCA6A75}.Debug|Any CPU.Build.0 = Debug|Any CPU
		{471AE69C-E8A6-4222-B4D9-7963ADCA6A75}.Release|Any CPU.ActiveCfg = Release|Any CPU
		{471AE69C-E8A6-4222-B4D9-7963ADCA6A75}.Release|Any CPU.Build.0 = Release|Any CPU
		{E698AC5F-70E9-4FC8-A42D-5BF5BFEA7A41}.Debug|Any CPU.ActiveCfg = Debug|Any CPU
		{E698AC5F-70E9-4FC8-A42D-5BF5BFEA7A41}.Debug|Any CPU.Build.0 = Debug|Any CPU
		{E698AC5F-70E9-4FC8-A42D-5BF5BFEA7A41}.Release|Any CPU.ActiveCfg = Release|Any CPU
		{E698AC5F-70E9-4FC8-A42D-5BF5BFEA7A41}.Release|Any CPU.Build.0 = Release|Any CPU
	EndGlobalSection
	GlobalSection(SolutionProperties) = preSolution
		HideSolutionNode = FALSE
	EndGlobalSection
	GlobalSection(ExtensibilityGlobals) = postSolution
		SolutionGuid = {BE86967B-E830-448C-B52D-CC186D077DE6}
	EndGlobalSection
EndGlobal
